
Microsoft Visual Studio Solution File, Format Version 12.00
# Visual Studio 15
VisualStudioVersion = 15.0.27703.2035
MinimumVisualStudioVersion = 10.0.40219.1
Project("{FAE04EC0-301F-11D3-BF4B-00C04F79EFBC}") = "Scrolls", "Scrolls\Scrolls.csproj", "{78E13FED-4590-442F-B459-23562F707901}"
EndProject
Project("{FAE04EC0-301F-11D3-BF4B-00C04F79EFBC}") = "Scrolls.Tests", "Scrolls.Tests\Scrolls.Tests.csproj", "{82792804-9F5E-40FB-ACBD-65B8F4B9EFBE}"
EndProject
Global
	GlobalSection(SolutionConfigurationPlatforms) = preSolution
		Debug|Any CPU = Debug|Any CPU
		Release|Any CPU = Release|Any CPU
	EndGlobalSection
	GlobalSection(ProjectConfigurationPlatforms) = postSolution
		{78E13FED-4590-442F-B459-23562F707901}.Debug|Any CPU.ActiveCfg = Debug|Any CPU
		{78E13FED-4590-442F-B459-23562F707901}.Debug|Any CPU.Build.0 = Debug|Any CPU
		{78E13FED-4590-442F-B459-23562F707901}.Release|Any CPU.ActiveCfg = Release|Any CPU
		{78E13FED-4590-442F-B459-23562F707901}.Release|Any CPU.Build.0 = Release|Any CPU
		{82792804-9F5E-40FB-ACBD-65B8F4B9EFBE}.Debug|Any CPU.ActiveCfg = Debug|Any CPU
		{82792804-9F5E-40FB-ACBD-65B8F4B9EFBE}.Debug|Any CPU.Build.0 = Debug|Any CPU
		{82792804-9F5E-40FB-ACBD-65B8F4B9EFBE}.Release|Any CPU.ActiveCfg = Release|Any CPU
		{82792804-9F5E-40FB-ACBD-65B8F4B9EFBE}.Release|Any CPU.Build.0 = Release|Any CPU
	EndGlobalSection
	GlobalSection(SolutionProperties) = preSolution
		HideSolutionNode = FALSE
	EndGlobalSection
	GlobalSection(ExtensibilityGlobals) = postSolution
		SolutionGuid = {C98757C1-4B69-4635-B38B-462BD4B9D095}
	EndGlobalSection
EndGlobal
